
Microsoft Visual Studio Solution File, Format Version 12.00
# Visual Studio Version 17
VisualStudioVersion = 17.3.32929.385
MinimumVisualStudioVersion = 10.0.40219.1
Project("{FAE04EC0-301F-11D3-BF4B-00C04F79EFBC}") = "StackTrace", "StackTrace\StackTrace.csproj", "{C8444810-BE30-4FBB-9D20-BE923B721D8B}"
EndProject
Project("{FAE04EC0-301F-11D3-BF4B-00C04F79EFBC}") = "ThrowSample", "ThrowSample\ThrowSample.csproj", "{384F00D5-2965-46AE-863C-2BC6A97F0D63}"
EndProject
Project("{FAE04EC0-301F-11D3-BF4B-00C04F79EFBC}") = "ThrowExSample", "ThrowExSample\ThrowExSample.csproj", "{AE4BFCD7-9CB6-4A17-AECC-B1E1A35B093F}"
EndProject
Global
	GlobalSection(SolutionConfigurationPlatforms) = preSolution
		Debug|Any CPU = Debug|Any CPU
		Release|Any CPU = Release|Any CPU
	EndGlobalSection
	GlobalSection(ProjectConfigurationPlatforms) = postSolution
		{C8444810-BE30-4FBB-9D20-BE923B721D8B}.Debug|Any CPU.ActiveCfg = Debug|Any CPU
		{C8444810-BE30-4FBB-9D20-BE923B721D8B}.Debug|Any CPU.Build.0 = Debug|Any CPU
		{C8444810-BE30-4FBB-9D20-BE923B721D8B}.Release|Any CPU.ActiveCfg = Release|Any CPU
		{C8444810-BE30-4FBB-9D20-BE923B721D8B}.Release|Any CPU.Build.0 = Release|Any CPU
		{384F00D5-2965-46AE-863C-2BC6A97F0D63}.Debug|Any CPU.ActiveCfg = Debug|Any CPU
		{384F00D5-2965-46AE-863C-2BC6A97F0D63}.Debug|Any CPU.Build.0 = Debug|Any CPU
		{384F00D5-2965-46AE-863C-2BC6A97F0D63}.Release|Any CPU.ActiveCfg = Release|Any CPU
		{384F00D5-2965-46AE-863C-2BC6A97F0D63}.Release|Any CPU.Build.0 = Release|Any CPU
		{AE4BFCD7-9CB6-4A17-AECC-B1E1A35B093F}.Debug|Any CPU.ActiveCfg = Debug|Any CPU
		{AE4BFCD7-9CB6-4A17-AECC-B1E1A35B093F}.Debug|Any CPU.Build.0 = Debug|Any CPU
		{AE4BFCD7-9CB6-4A17-AECC-B1E1A35B093F}.Release|Any CPU.ActiveCfg = Release|Any CPU
		{AE4BFCD7-9CB6-4A17-AECC-B1E1A35B093F}.Release|Any CPU.Build.0 = Release|Any CPU
	EndGlobalSection
	GlobalSection(SolutionProperties) = preSolution
		HideSolutionNode = FALSE
	EndGlobalSection
	GlobalSection(ExtensibilityGlobals) = postSolution
		SolutionGuid = {DB156F72-61D2-4C66-BECD-C90FAD7B580C}
	EndGlobalSection
EndGlobal
