
Microsoft Visual Studio Solution File, Format Version 12.00
# Visual Studio Version 17
VisualStudioVersion = 17.3.32929.385
MinimumVisualStudioVersion = 10.0.40219.1
Project("{9A19103F-16F7-4668-BE54-9A1E7A4F7556}") = "StackTrace", "StackTrace\StackTrace.csproj", "{C8444810-BE30-4FBB-9D20-BE923B721D8B}"
EndProject
Project("{9A19103F-16F7-4668-BE54-9A1E7A4F7556}") = "ThrowSample", "ThrowSample\ThrowSample.csproj", "{384F00D5-2965-46AE-863C-2BC6A97F0D63}"
EndProject
Project("{9A19103F-16F7-4668-BE54-9A1E7A4F7556}") = "ThrowExSample", "ThrowExSample\ThrowExSample.csproj", "{AE4BFCD7-9CB6-4A17-AECC-B1E1A35B093F}"
EndProject
Project("{9A19103F-16F7-4668-BE54-9A1E7A4F7556}") = "AnonymousTypesEmployee", "AnonymousTypes\AnonymousTypesEmployee.csproj", "{ED1947C5-BE9F-435E-A9E5-D5A72DFBCCEE}"
EndProject
Project("{9A19103F-16F7-4668-BE54-9A1E7A4F7556}") = "AnonymousTypesPet", "AnonymousPets\AnonymousTypesPet.csproj", "{707727FE-6222-4E4F-AD32-3644D1B13F98}"
EndProject
Project("{9A19103F-16F7-4668-BE54-9A1E7A4F7556}") = "AnonymousTypeWithUsage", "AnonymousTypeWithUsage\AnonymousTypeWithUsage.csproj", "{E1B61930-37D6-4A6E-A5A1-3287D1DCB866}"
EndProject
Project("{2150E333-8FDC-42A3-9474-1A3956D46DE8}") = "AnonymousTypes", "AnonymousTypes", "{ED39BC60-1412-40F7-A588-08A99BE3A464}"
EndProject
Project("{2150E333-8FDC-42A3-9474-1A3956D46DE8}") = "ThrowVsThrowEx", "ThrowVsThrowEx", "{2B41DDA8-AFEF-44F5-BFE7-98532AFFAC75}"
EndProject
Project("{2150E333-8FDC-42A3-9474-1A3956D46DE8}") = "CommonIntermediateLanguage", "CommonIntermediateLanguage", "{141948C2-5075-4B74-B09A-91A454C1FC77}"
EndProject
Project("{FAE04EC0-301F-11D3-BF4B-00C04F79EFBC}") = "CilOne", "CilOne\CilOne.csproj", "{097DAE84-3F29-45FD-9E65-C52F5E296B7A}"
EndProject
Global
	GlobalSection(SolutionConfigurationPlatforms) = preSolution
		Debug|Any CPU = Debug|Any CPU
		Release|Any CPU = Release|Any CPU
	EndGlobalSection
	GlobalSection(ProjectConfigurationPlatforms) = postSolution
		{C8444810-BE30-4FBB-9D20-BE923B721D8B}.Debug|Any CPU.ActiveCfg = Debug|Any CPU
		{C8444810-BE30-4FBB-9D20-BE923B721D8B}.Debug|Any CPU.Build.0 = Debug|Any CPU
		{C8444810-BE30-4FBB-9D20-BE923B721D8B}.Release|Any CPU.ActiveCfg = Release|Any CPU
		{C8444810-BE30-4FBB-9D20-BE923B721D8B}.Release|Any CPU.Build.0 = Release|Any CPU
		{384F00D5-2965-46AE-863C-2BC6A97F0D63}.Debug|Any CPU.ActiveCfg = Debug|Any CPU
		{384F00D5-2965-46AE-863C-2BC6A97F0D63}.Debug|Any CPU.Build.0 = Debug|Any CPU
		{384F00D5-2965-46AE-863C-2BC6A97F0D63}.Release|Any CPU.ActiveCfg = Release|Any CPU
		{384F00D5-2965-46AE-863C-2BC6A97F0D63}.Release|Any CPU.Build.0 = Release|Any CPU
		{AE4BFCD7-9CB6-4A17-AECC-B1E1A35B093F}.Debug|Any CPU.ActiveCfg = Debug|Any CPU
		{AE4BFCD7-9CB6-4A17-AECC-B1E1A35B093F}.Debug|Any CPU.Build.0 = Debug|Any CPU
		{AE4BFCD7-9CB6-4A17-AECC-B1E1A35B093F}.Release|Any CPU.ActiveCfg = Release|Any CPU
		{AE4BFCD7-9CB6-4A17-AECC-B1E1A35B093F}.Release|Any CPU.Build.0 = Release|Any CPU
		{ED1947C5-BE9F-435E-A9E5-D5A72DFBCCEE}.Debug|Any CPU.ActiveCfg = Debug|Any CPU
		{ED1947C5-BE9F-435E-A9E5-D5A72DFBCCEE}.Debug|Any CPU.Build.0 = Debug|Any CPU
		{ED1947C5-BE9F-435E-A9E5-D5A72DFBCCEE}.Release|Any CPU.ActiveCfg = Release|Any CPU
		{ED1947C5-BE9F-435E-A9E5-D5A72DFBCCEE}.Release|Any CPU.Build.0 = Release|Any CPU
		{707727FE-6222-4E4F-AD32-3644D1B13F98}.Debug|Any CPU.ActiveCfg = Debug|Any CPU
		{707727FE-6222-4E4F-AD32-3644D1B13F98}.Debug|Any CPU.Build.0 = Debug|Any CPU
		{707727FE-6222-4E4F-AD32-3644D1B13F98}.Release|Any CPU.ActiveCfg = Release|Any CPU
		{707727FE-6222-4E4F-AD32-3644D1B13F98}.Release|Any CPU.Build.0 = Release|Any CPU
		{E1B61930-37D6-4A6E-A5A1-3287D1DCB866}.Debug|Any CPU.ActiveCfg = Debug|Any CPU
		{E1B61930-37D6-4A6E-A5A1-3287D1DCB866}.Debug|Any CPU.Build.0 = Debug|Any CPU
		{E1B61930-37D6-4A6E-A5A1-3287D1DCB866}.Release|Any CPU.ActiveCfg = Release|Any CPU
		{E1B61930-37D6-4A6E-A5A1-3287D1DCB866}.Release|Any CPU.Build.0 = Release|Any CPU
		{097DAE84-3F29-45FD-9E65-C52F5E296B7A}.Debug|Any CPU.ActiveCfg = Debug|Any CPU
		{097DAE84-3F29-45FD-9E65-C52F5E296B7A}.Debug|Any CPU.Build.0 = Debug|Any CPU
		{097DAE84-3F29-45FD-9E65-C52F5E296B7A}.Release|Any CPU.ActiveCfg = Release|Any CPU
		{097DAE84-3F29-45FD-9E65-C52F5E296B7A}.Release|Any CPU.Build.0 = Release|Any CPU
	EndGlobalSection
	GlobalSection(SolutionProperties) = preSolution
		HideSolutionNode = FALSE
	EndGlobalSection
	GlobalSection(NestedProjects) = preSolution
		{C8444810-BE30-4FBB-9D20-BE923B721D8B} = {2B41DDA8-AFEF-44F5-BFE7-98532AFFAC75}
		{384F00D5-2965-46AE-863C-2BC6A97F0D63} = {2B41DDA8-AFEF-44F5-BFE7-98532AFFAC75}
		{AE4BFCD7-9CB6-4A17-AECC-B1E1A35B093F} = {2B41DDA8-AFEF-44F5-BFE7-98532AFFAC75}
		{ED1947C5-BE9F-435E-A9E5-D5A72DFBCCEE} = {ED39BC60-1412-40F7-A588-08A99BE3A464}
		{707727FE-6222-4E4F-AD32-3644D1B13F98} = {ED39BC60-1412-40F7-A588-08A99BE3A464}
		{E1B61930-37D6-4A6E-A5A1-3287D1DCB866} = {ED39BC60-1412-40F7-A588-08A99BE3A464}
		{097DAE84-3F29-45FD-9E65-C52F5E296B7A} = {141948C2-5075-4B74-B09A-91A454C1FC77}
	EndGlobalSection
	GlobalSection(ExtensibilityGlobals) = postSolution
		SolutionGuid = {DB156F72-61D2-4C66-BECD-C90FAD7B580C}
	EndGlobalSection
EndGlobal
